
Microsoft Visual Studio Solution File, Format Version 12.00
# Visual Studio 2013
VisualStudioVersion = 12.0.30723.0
MinimumVisualStudioVersion = 10.0.40219.1
Project("{B1E792BE-AA5F-4E3C-8C82-674BF9C0715B}") = "MTCS", "MTCS\MTCS.tsproj", "{EF020CB6-EF48-4EE5-8934-E516DEA8145A}"
EndProject
Global
	GlobalSection(SolutionConfigurationPlatforms) = preSolution
		Debug|TwinCAT CE7 (ARMV7) = Debug|TwinCAT CE7 (ARMV7)
		Debug|TwinCAT RT (x64) = Debug|TwinCAT RT (x64)
		Debug|TwinCAT RT (x86) = Debug|TwinCAT RT (x86)
		Debug|TwinCAT UM (x64) = Debug|TwinCAT UM (x64)
		Debug|TwinCAT UM (x86) = Debug|TwinCAT UM (x86)
		Release|TwinCAT CE7 (ARMV7) = Release|TwinCAT CE7 (ARMV7)
		Release|TwinCAT RT (x64) = Release|TwinCAT RT (x64)
		Release|TwinCAT RT (x86) = Release|TwinCAT RT (x86)
		Release|TwinCAT UM (x64) = Release|TwinCAT UM (x64)
		Release|TwinCAT UM (x86) = Release|TwinCAT UM (x86)
	EndGlobalSection
	GlobalSection(ProjectConfigurationPlatforms) = postSolution
		{EF020CB6-EF48-4EE5-8934-E516DEA8145A}.Debug|TwinCAT CE7 (ARMV7).ActiveCfg = Debug|TwinCAT CE7 (ARMV7)
		{EF020CB6-EF48-4EE5-8934-E516DEA8145A}.Debug|TwinCAT CE7 (ARMV7).Build.0 = Debug|TwinCAT CE7 (ARMV7)
		{EF020CB6-EF48-4EE5-8934-E516DEA8145A}.Debug|TwinCAT RT (x64).ActiveCfg = Debug|TwinCAT RT (x64)
		{EF020CB6-EF48-4EE5-8934-E516DEA8145A}.Debug|TwinCAT RT (x64).Build.0 = Debug|TwinCAT RT (x64)
		{EF020CB6-EF48-4EE5-8934-E516DEA8145A}.Debug|TwinCAT RT (x86).ActiveCfg = Debug|TwinCAT RT (x86)
		{EF020CB6-EF48-4EE5-8934-E516DEA8145A}.Debug|TwinCAT RT (x86).Build.0 = Debug|TwinCAT RT (x86)
		{EF020CB6-EF48-4EE5-8934-E516DEA8145A}.Debug|TwinCAT UM (x64).ActiveCfg = Debug|TwinCAT RT (x86)
		{EF020CB6-EF48-4EE5-8934-E516DEA8145A}.Debug|TwinCAT UM (x86).ActiveCfg = Debug|TwinCAT RT (x86)
		{EF020CB6-EF48-4EE5-8934-E516DEA8145A}.Release|TwinCAT CE7 (ARMV7).ActiveCfg = Release|TwinCAT CE7 (ARMV7)
		{EF020CB6-EF48-4EE5-8934-E516DEA8145A}.Release|TwinCAT CE7 (ARMV7).Build.0 = Release|TwinCAT CE7 (ARMV7)
		{EF020CB6-EF48-4EE5-8934-E516DEA8145A}.Release|TwinCAT RT (x64).ActiveCfg = Release|TwinCAT RT (x64)
		{EF020CB6-EF48-4EE5-8934-E516DEA8145A}.Release|TwinCAT RT (x64).Build.0 = Release|TwinCAT RT (x64)
		{EF020CB6-EF48-4EE5-8934-E516DEA8145A}.Release|TwinCAT RT (x86).ActiveCfg = Release|TwinCAT RT (x86)
		{EF020CB6-EF48-4EE5-8934-E516DEA8145A}.Release|TwinCAT RT (x86).Build.0 = Release|TwinCAT RT (x86)
		{EF020CB6-EF48-4EE5-8934-E516DEA8145A}.Release|TwinCAT UM (x64).ActiveCfg = Release|TwinCAT RT (x86)
		{EF020CB6-EF48-4EE5-8934-E516DEA8145A}.Release|TwinCAT UM (x86).ActiveCfg = Release|TwinCAT RT (x86)
		{E439F649-7245-4132-B15D-42DDF767A9FE}.Debug|TwinCAT CE7 (ARMV7).ActiveCfg = Debug|TwinCAT CE7 (ARMV7)
		{E439F649-7245-4132-B15D-42DDF767A9FE}.Debug|TwinCAT CE7 (ARMV7).Build.0 = Debug|TwinCAT CE7 (ARMV7)
		{E439F649-7245-4132-B15D-42DDF767A9FE}.Debug|TwinCAT RT (x64).ActiveCfg = Debug|TwinCAT RT (x64)
		{E439F649-7245-4132-B15D-42DDF767A9FE}.Debug|TwinCAT RT (x64).Build.0 = Debug|TwinCAT RT (x64)
		{E439F649-7245-4132-B15D-42DDF767A9FE}.Debug|TwinCAT RT (x86).ActiveCfg = Debug|TwinCAT RT (x86)
		{E439F649-7245-4132-B15D-42DDF767A9FE}.Debug|TwinCAT RT (x86).Build.0 = Debug|TwinCAT RT (x86)
		{E439F649-7245-4132-B15D-42DDF767A9FE}.Debug|TwinCAT UM (x64).ActiveCfg = Debug|TwinCAT CE7 (ARMV7)
		{E439F649-7245-4132-B15D-42DDF767A9FE}.Debug|TwinCAT UM (x86).ActiveCfg = Debug|TwinCAT CE7 (ARMV7)
		{E439F649-7245-4132-B15D-42DDF767A9FE}.Release|TwinCAT CE7 (ARMV7).ActiveCfg = Release|TwinCAT CE7 (ARMV7)
		{E439F649-7245-4132-B15D-42DDF767A9FE}.Release|TwinCAT CE7 (ARMV7).Build.0 = Release|TwinCAT CE7 (ARMV7)
		{E439F649-7245-4132-B15D-42DDF767A9FE}.Release|TwinCAT RT (x64).ActiveCfg = Release|TwinCAT RT (x64)
		{E439F649-7245-4132-B15D-42DDF767A9FE}.Release|TwinCAT RT (x64).Build.0 = Release|TwinCAT RT (x64)
		{E439F649-7245-4132-B15D-42DDF767A9FE}.Release|TwinCAT RT (x86).ActiveCfg = Release|TwinCAT RT (x86)
		{E439F649-7245-4132-B15D-42DDF767A9FE}.Release|TwinCAT RT (x86).Build.0 = Release|TwinCAT RT (x86)
		{E439F649-7245-4132-B15D-42DDF767A9FE}.Release|TwinCAT UM (x64).ActiveCfg = Release|TwinCAT CE7 (ARMV7)
		{E439F649-7245-4132-B15D-42DDF767A9FE}.Release|TwinCAT UM (x86).ActiveCfg = Release|TwinCAT CE7 (ARMV7)
		{E87BBC54-2073-491A-804F-B22A26A999B1}.Debug|TwinCAT CE7 (ARMV7).ActiveCfg = Debug|TwinCAT CE7 (ARMV7)
		{E87BBC54-2073-491A-804F-B22A26A999B1}.Debug|TwinCAT CE7 (ARMV7).Build.0 = Debug|TwinCAT CE7 (ARMV7)
		{E87BBC54-2073-491A-804F-B22A26A999B1}.Debug|TwinCAT RT (x64).ActiveCfg = Debug|TwinCAT RT (x64)
		{E87BBC54-2073-491A-804F-B22A26A999B1}.Debug|TwinCAT RT (x64).Build.0 = Debug|TwinCAT RT (x64)
		{E87BBC54-2073-491A-804F-B22A26A999B1}.Debug|TwinCAT RT (x86).ActiveCfg = Debug|TwinCAT RT (x86)
		{E87BBC54-2073-491A-804F-B22A26A999B1}.Debug|TwinCAT RT (x86).Build.0 = Debug|TwinCAT RT (x86)
		{E87BBC54-2073-491A-804F-B22A26A999B1}.Debug|TwinCAT UM (x64).ActiveCfg = Debug|TwinCAT RT (x86)
		{E87BBC54-2073-491A-804F-B22A26A999B1}.Debug|TwinCAT UM (x86).ActiveCfg = Debug|TwinCAT RT (x86)
		{E87BBC54-2073-491A-804F-B22A26A999B1}.Release|TwinCAT CE7 (ARMV7).ActiveCfg = Release|TwinCAT CE7 (ARMV7)
		{E87BBC54-2073-491A-804F-B22A26A999B1}.Release|TwinCAT CE7 (ARMV7).Build.0 = Release|TwinCAT CE7 (ARMV7)
		{E87BBC54-2073-491A-804F-B22A26A999B1}.Release|TwinCAT RT (x64).ActiveCfg = Release|TwinCAT RT (x64)
		{E87BBC54-2073-491A-804F-B22A26A999B1}.Release|TwinCAT RT (x64).Build.0 = Release|TwinCAT RT (x64)
		{E87BBC54-2073-491A-804F-B22A26A999B1}.Release|TwinCAT RT (x86).ActiveCfg = Release|TwinCAT RT (x86)
		{E87BBC54-2073-491A-804F-B22A26A999B1}.Release|TwinCAT RT (x86).Build.0 = Release|TwinCAT RT (x86)
		{E87BBC54-2073-491A-804F-B22A26A999B1}.Release|TwinCAT UM (x64).ActiveCfg = Release|TwinCAT RT (x86)
		{E87BBC54-2073-491A-804F-B22A26A999B1}.Release|TwinCAT UM (x86).ActiveCfg = Release|TwinCAT RT (x86)
		{8CEAF228-4CC2-4E8F-B88F-AF15BC876381}.Debug|TwinCAT CE7 (ARMV7).ActiveCfg = Debug|TwinCAT CE7 (ARMV7)
		{8CEAF228-4CC2-4E8F-B88F-AF15BC876381}.Debug|TwinCAT CE7 (ARMV7).Build.0 = Debug|TwinCAT CE7 (ARMV7)
		{8CEAF228-4CC2-4E8F-B88F-AF15BC876381}.Debug|TwinCAT RT (x64).ActiveCfg = Debug|TwinCAT RT (x64)
		{8CEAF228-4CC2-4E8F-B88F-AF15BC876381}.Debug|TwinCAT RT (x64).Build.0 = Debug|TwinCAT RT (x64)
		{8CEAF228-4CC2-4E8F-B88F-AF15BC876381}.Debug|TwinCAT RT (x86).ActiveCfg = Debug|TwinCAT RT (x86)
		{8CEAF228-4CC2-4E8F-B88F-AF15BC876381}.Debug|TwinCAT RT (x86).Build.0 = Debug|TwinCAT RT (x86)
		{8CEAF228-4CC2-4E8F-B88F-AF15BC876381}.Debug|TwinCAT UM (x64).ActiveCfg = Debug|TwinCAT RT (x86)
		{8CEAF228-4CC2-4E8F-B88F-AF15BC876381}.Debug|TwinCAT UM (x86).ActiveCfg = Debug|TwinCAT RT (x86)
		{8CEAF228-4CC2-4E8F-B88F-AF15BC876381}.Release|TwinCAT CE7 (ARMV7).ActiveCfg = Release|TwinCAT CE7 (ARMV7)
		{8CEAF228-4CC2-4E8F-B88F-AF15BC876381}.Release|TwinCAT CE7 (ARMV7).Build.0 = Release|TwinCAT CE7 (ARMV7)
		{8CEAF228-4CC2-4E8F-B88F-AF15BC876381}.Release|TwinCAT RT (x64).ActiveCfg = Release|TwinCAT RT (x64)
		{8CEAF228-4CC2-4E8F-B88F-AF15BC876381}.Release|TwinCAT RT (x64).Build.0 = Release|TwinCAT RT (x64)
		{8CEAF228-4CC2-4E8F-B88F-AF15BC876381}.Release|TwinCAT RT (x86).ActiveCfg = Release|TwinCAT RT (x86)
		{8CEAF228-4CC2-4E8F-B88F-AF15BC876381}.Release|TwinCAT RT (x86).Build.0 = Release|TwinCAT RT (x86)
		{8CEAF228-4CC2-4E8F-B88F-AF15BC876381}.Release|TwinCAT UM (x64).ActiveCfg = Release|TwinCAT RT (x86)
		{8CEAF228-4CC2-4E8F-B88F-AF15BC876381}.Release|TwinCAT UM (x86).ActiveCfg = Release|TwinCAT RT (x86)
		{989BB679-88FC-4F03-947D-20BC1D28B658}.Debug|TwinCAT CE7 (ARMV7).ActiveCfg = Debug|TwinCAT RT (x64)
		{989BB679-88FC-4F03-947D-20BC1D28B658}.Debug|TwinCAT RT (x64).ActiveCfg = Debug|TwinCAT RT (x64)
		{989BB679-88FC-4F03-947D-20BC1D28B658}.Debug|TwinCAT RT (x64).Build.0 = Debug|TwinCAT RT (x64)
		{989BB679-88FC-4F03-947D-20BC1D28B658}.Debug|TwinCAT RT (x86).ActiveCfg = Debug|TwinCAT RT (x86)
		{989BB679-88FC-4F03-947D-20BC1D28B658}.Debug|TwinCAT RT (x86).Build.0 = Debug|TwinCAT RT (x86)
		{989BB679-88FC-4F03-947D-20BC1D28B658}.Debug|TwinCAT UM (x64).ActiveCfg = Debug|TwinCAT UM (x64)
		{989BB679-88FC-4F03-947D-20BC1D28B658}.Debug|TwinCAT UM (x64).Build.0 = Debug|TwinCAT UM (x64)
		{989BB679-88FC-4F03-947D-20BC1D28B658}.Debug|TwinCAT UM (x86).ActiveCfg = Debug|TwinCAT UM (x86)
		{989BB679-88FC-4F03-947D-20BC1D28B658}.Debug|TwinCAT UM (x86).Build.0 = Debug|TwinCAT UM (x86)
		{989BB679-88FC-4F03-947D-20BC1D28B658}.Release|TwinCAT CE7 (ARMV7).ActiveCfg = Release|TwinCAT RT (x64)
		{989BB679-88FC-4F03-947D-20BC1D28B658}.Release|TwinCAT RT (x64).ActiveCfg = Release|TwinCAT RT (x64)
		{989BB679-88FC-4F03-947D-20BC1D28B658}.Release|TwinCAT RT (x64).Build.0 = Release|TwinCAT RT (x64)
		{989BB679-88FC-4F03-947D-20BC1D28B658}.Release|TwinCAT RT (x86).ActiveCfg = Release|TwinCAT RT (x86)
		{989BB679-88FC-4F03-947D-20BC1D28B658}.Release|TwinCAT RT (x86).Build.0 = Release|TwinCAT RT (x86)
		{989BB679-88FC-4F03-947D-20BC1D28B658}.Release|TwinCAT UM (x64).ActiveCfg = Release|TwinCAT UM (x64)
		{989BB679-88FC-4F03-947D-20BC1D28B658}.Release|TwinCAT UM (x64).Build.0 = Release|TwinCAT UM (x64)
		{989BB679-88FC-4F03-947D-20BC1D28B658}.Release|TwinCAT UM (x86).ActiveCfg = Release|TwinCAT UM (x86)
		{989BB679-88FC-4F03-947D-20BC1D28B658}.Release|TwinCAT UM (x86).Build.0 = Release|TwinCAT UM (x86)
	EndGlobalSection
	GlobalSection(SolutionProperties) = preSolution
		HideSolutionNode = FALSE
	EndGlobalSection
EndGlobal
